
Microsoft Visual Studio Solution File, Format Version 12.00
# Visual Studio Version 17
VisualStudioVersion = 17.14.36301.6 d17.14
MinimumVisualStudioVersion = 10.0.40219.1
Project("{FAE04EC0-301F-11D3-BF4B-00C04F79EFBC}") = "maazoun_key", "maazoun_key\maazoun_key.csproj", "{A74BE41F-9831-4710-A8B1-2DF8604E97E9}"
EndProject
Global
	GlobalSection(SolutionConfigurationPlatforms) = preSolution
		Debug|Any CPU = Debug|Any CPU
		Release|Any CPU = Release|Any CPU
	EndGlobalSection
	GlobalSection(ProjectConfigurationPlatforms) = postSolution
		{A74BE41F-9831-4710-A8B1-2DF8604E97E9}.Debug|Any CPU.ActiveCfg = Debug|Any CPU
		{A74BE41F-9831-4710-A8B1-2DF8604E97E9}.Debug|Any CPU.Build.0 = Debug|Any CPU
		{A74BE41F-9831-4710-A8B1-2DF8604E97E9}.Release|Any CPU.ActiveCfg = Release|Any CPU
		{A74BE41F-9831-4710-A8B1-2DF8604E97E9}.Release|Any CPU.Build.0 = Release|Any CPU
	EndGlobalSection
	GlobalSection(SolutionProperties) = preSolution
		HideSolutionNode = FALSE
	EndGlobalSection
	GlobalSection(ExtensibilityGlobals) = postSolution
		SolutionGuid = {AE82ECE0-AE86-4B0A-8DD5-4A1091456895}
	EndGlobalSection
EndGlobal
